<?xml version="1.0" encoding="UTF-8" standalone="yes" ?>
<CodeBlocks_project_file>
	<FileVersion major="1" minor="6" />
	<Project>
		<Option title="Bataille Navale" />
		<Option pch_mode="2" />
		<Option compiler="gcc" />
		<Build>
			<Target title="Debug">
				<Option output="bin\Debug\BN" prefix_auto="1" extension_auto="1" />
				<Option object_output="obj\Debug\" />
				<Option type="1" />
				<Option compiler="gcc" />
				<Compiler>
					<Add option="-Wall" />
					<Add option="-g" />
				</Compiler>
			</Target>
			<Target title="Release">
				<Option output="bin\Release\BN" prefix_auto="1" extension_auto="1" />
				<Option object_output="obj\Release\" />
				<Option type="0" />
				<Option compiler="gcc" />
				<Compiler>
					<Add option="-Os" />
					<Add option="-O3" />
				</Compiler>
				<Linker>
					<Add option="-s" />
				</Linker>
			</Target>
		</Build>
		<Compiler>
			<Add option="-Wall" />
			<Add directory="C:\SDL-1.2.13\include" />
		</Compiler>
		<Linker>
			<Add library="mingw32" />
			<Add library="SDLmain" />
			<Add library="SDL.dll" />
			<Add library="user32" />
			<Add library="gdi32" />
			<Add library="winmm" />
			<Add library="dxguid" />
			<Add library="SDL_image" />
			<Add library="SDL_ttf" />
			<Add directory="C:\SDL-1.2.13\lib" />
		</Linker>
		<Unit filename="config.h" />
		<Unit filename="error.c">
			<Option compilerVar="CC" />
		</Unit>
		<Unit filename="error.h" />
		<Unit filename="game_ia.c">
			<Option compilerVar="CC" />
		</Unit>
		<Unit filename="game_ia.h" />
		<Unit filename="grid.c">
			<Option compilerVar="CC" />
		</Unit>
		<Unit filename="grid.h" />
		<Unit filename="historic.c">
			<Option compilerVar="CC" />
		</Unit>
		<Unit filename="historic.h" />
		<Unit filename="main.c">
			<Option compilerVar="CC" />
		</Unit>
		<Unit filename="main.h" />
		<Unit filename="menu.c">
			<Option compilerVar="CC" />
		</Unit>
		<Unit filename="menu.h" />
		<Unit filename="rand.c">
			<Option compilerVar="CC" />
		</Unit>
		<Unit filename="rand.h" />
		<Unit filename="sdl_tool.c">
			<Option compilerVar="CC" />
		</Unit>
		<Unit filename="sdl_tool.h" />
		<Unit filename="sprites.c">
			<Option compilerVar="CC" />
		</Unit>
		<Unit filename="sprites.h" />
		<Unit filename="types.h" />
		<Unit filename="window.c">
			<Option compilerVar="CC" />
		</Unit>
		<Unit filename="window.h" />
		<Extensions>
			<code_completion />
			<debugger />
		</Extensions>
	</Project>
</CodeBlocks_project_file>
